{
  "object": {
    "pins": [
      {
        "package": "Alamofire",
        "repositoryURL": "https://github.com/Alamofire/Alamofire.git",
        "state": {
          "branch": null,
          "revision": "4d19ad82f80cc71ff829b941ded114c56f4f604c",
          "version": "5.4.2"
        }
      },
      {
        "package": "SDWebImage",
        "repositoryURL": "https://github.com/SDWebImage/SDWebImage.git",
        "state": {
          "branch": null,
          "revision": "d1c75d839709b3f91c82ecf7d3c7665272090456",
          "version": "5.11.0"
        }
      }
    ]
  },
  "version": 1
}
